
Microsoft Visual Studio Solution File, Format Version 12.00
# Visual Studio 2013
VisualStudioVersion = 12.0.21005.1
MinimumVisualStudioVersion = 10.0.40219.1
Project("{FAE04EC0-301F-11D3-BF4B-00C04F79EFBC}") = "NTweaks", "NTweaks\NTweaks.csproj", "{505F9576-EBAF-4B52-A8E5-7F7A3DC88776}"
EndProject
Project("{2150E333-8FDC-42A3-9474-1A3956D46DE8}") = ".nuget", ".nuget", "{473BF10E-087D-4F53-81E6-78369862A1F2}"
	ProjectSection(SolutionItems) = preProject
		.nuget\NuGet.Config = .nuget\NuGet.Config
		.nuget\NuGet.exe = .nuget\NuGet.exe
		.nuget\NuGet.targets = .nuget\NuGet.targets
	EndProjectSection
EndProject
Project("{FAE04EC0-301F-11D3-BF4B-00C04F79EFBC}") = "NTweaks.Tests", "NTweaks.Tests\NTweaks.Tests.csproj", "{1B09D03E-7D57-4F12-B245-6D3377F8AA18}"
EndProject
Project("{FAE04EC0-301F-11D3-BF4B-00C04F79EFBC}") = "NTweaks.Sample", "NTweaks.Sample\NTweaks.Sample.csproj", "{F56DCF5E-2A7D-414F-817B-7B0188C7ED4E}"
EndProject
Global
	GlobalSection(TeamFoundationVersionControl) = preSolution
		SccNumberOfProjects = 4
		SccEnterpriseProvider = {4CA58AB2-18FA-4F8D-95D4-32DDF27D184C}
		SccTeamFoundationServer = http://192.168.1.50:8080/tfs/defaultcollection
		SccLocalPath0 = .
		SccProjectUniqueName1 = NTweaks.Sample\\NTweaks.Sample.csproj
		SccProjectName1 = NTweaks.Sample
		SccLocalPath1 = NTweaks.Sample
		SccProjectUniqueName2 = NTweaks.Tests\\NTweaks.Tests.csproj
		SccProjectName2 = NTweaks.Tests
		SccLocalPath2 = NTweaks.Tests
		SccProjectUniqueName3 = NTweaks\\NTweaks.csproj
		SccProjectName3 = NTweaks
		SccLocalPath3 = NTweaks
	EndGlobalSection
	GlobalSection(SolutionConfigurationPlatforms) = preSolution
		Debug|Any CPU = Debug|Any CPU
		Release|Any CPU = Release|Any CPU
	EndGlobalSection
	GlobalSection(ProjectConfigurationPlatforms) = postSolution
		{505F9576-EBAF-4B52-A8E5-7F7A3DC88776}.Debug|Any CPU.ActiveCfg = Debug|Any CPU
		{505F9576-EBAF-4B52-A8E5-7F7A3DC88776}.Debug|Any CPU.Build.0 = Debug|Any CPU
		{505F9576-EBAF-4B52-A8E5-7F7A3DC88776}.Release|Any CPU.ActiveCfg = Release|Any CPU
		{505F9576-EBAF-4B52-A8E5-7F7A3DC88776}.Release|Any CPU.Build.0 = Release|Any CPU
		{1B09D03E-7D57-4F12-B245-6D3377F8AA18}.Debug|Any CPU.ActiveCfg = Debug|Any CPU
		{1B09D03E-7D57-4F12-B245-6D3377F8AA18}.Debug|Any CPU.Build.0 = Debug|Any CPU
		{1B09D03E-7D57-4F12-B245-6D3377F8AA18}.Release|Any CPU.ActiveCfg = Release|Any CPU
		{1B09D03E-7D57-4F12-B245-6D3377F8AA18}.Release|Any CPU.Build.0 = Release|Any CPU
		{F56DCF5E-2A7D-414F-817B-7B0188C7ED4E}.Debug|Any CPU.ActiveCfg = Debug|Any CPU
		{F56DCF5E-2A7D-414F-817B-7B0188C7ED4E}.Debug|Any CPU.Build.0 = Debug|Any CPU
		{F56DCF5E-2A7D-414F-817B-7B0188C7ED4E}.Release|Any CPU.ActiveCfg = Release|Any CPU
		{F56DCF5E-2A7D-414F-817B-7B0188C7ED4E}.Release|Any CPU.Build.0 = Release|Any CPU
	EndGlobalSection
	GlobalSection(SolutionProperties) = preSolution
		HideSolutionNode = FALSE
	EndGlobalSection
EndGlobal
